version = 1
revision = 2
requires-python = ">=3.13"

[[package]]
name = "autopep8"
version = "2.3.2"
source = { registry = "https://pypi.org/simple" }
dependencies = [
    { name = "pycodestyle" },
]
sdist = { url = "https://files.pythonhosted.org/packages/50/d8/30873d2b7b57dee9263e53d142da044c4600a46f2d28374b3e38b023df16/autopep8-2.3.2.tar.gz", hash = "sha256:89440a4f969197b69a995e4ce0661b031f455a9f776d2c5ba3dbd83466931758", size = 92210, upload-time = "2025-01-14T14:46:18.454Z" }
wheels = [
    { url = "https://files.pythonhosted.org/packages/9e/43/53afb8ba17218f19b77c7834128566c5bbb100a0ad9ba2e8e89d089d7079/autopep8-2.3.2-py2.py3-none-any.whl", hash = "sha256:ce8ad498672c845a0c3de2629c15b635ec2b05ef8177a6e7c91c74f3e9b51128", size = 45807, upload-time = "2025-01-14T14:46:15.466Z" },
]

[[package]]
name = "cython"
version = "3.2.0"
source = { registry = "https://pypi.org/simple" }
sdist = { url = "https://files.pythonhosted.org/packages/52/82/01f0b63287cb922e5ba96c5147c30f1e51f541ce91bd178025bb3518b1ba/cython-3.2.0.tar.gz", hash = "sha256:41fdce8237baee2d961c292ed0386903dfe126f131e450a62de0fd7a5280d4b2", size = 3267264, upload-time = "2025-11-05T13:35:04.231Z" }
wheels = [
    { url = "https://files.pythonhosted.org/packages/5d/d0/dc4b260e8fde81b23ab4dca56948b3e69617ef470247ec6a3e09370a9849/cython-3.2.0-cp313-cp313-macosx_11_0_arm64.whl", hash = "sha256:d900e58e826f9a5a27b0e2b50e33473e9986a5bae375c39b0f2e19f2c545fa23", size = 2950437, upload-time = "2025-11-05T13:35:45.427Z" },
    { url = "https://files.pythonhosted.org/packages/c8/53/c322bf0486a938ad954a645866b67e978777d79183cf0a042bda6bea11de/cython-3.2.0-cp313-cp313-manylinux2014_aarch64.manylinux_2_17_aarch64.manylinux_2_28_aarch64.whl", hash = "sha256:a9d38cd3aab720d21fa6d6ee168228352f69aea0a95bd4fb84e8879c6ed38fbb", size = 3209331, upload-time = "2025-11-05T13:35:47.278Z" },
    { url = "https://files.pythonhosted.org/packages/cd/48/55d02dba0606768d3450afd088e2bbcd6f8a54977dce041c2c3c1894631c/cython-3.2.0-cp313-cp313-manylinux2014_x86_64.manylinux_2_17_x86_64.manylinux_2_28_x86_64.whl", hash = "sha256:92b31d0b7b0a49b3d2aa94faaf75d44a03174cff2616b341a8853c919e511d51", size = 3370974, upload-time = "2025-11-05T13:35:49.534Z" },
    { url = "https://files.pythonhosted.org/packages/ce/bd/6dab19652b68464572b7a137d07a91ebe86db2a81c35842ff5e49ef23403/cython-3.2.0-cp313-cp313-win_amd64.whl", hash = "sha256:2847b74e76dbad612f6fc7182c12a5f78cffb0d05808fd2c4b638cf02d1aade6", size = 2746274, upload-time = "2025-11-05T13:35:51.522Z" },
    { url = "https://files.pythonhosted.org/packages/e2/db/de5331ca6489da1761078825709257e1f24e543b4040f86a2502a4b841f9/cython-3.2.0-cp314-cp314-macosx_11_0_arm64.whl", hash = "sha256:a0a8274959d538d12f865193dcd67bb5630906e020190c890d2b7c13d31713c6", size = 2961164, upload-time = "2025-11-05T13:35:53.826Z" },
    { url = "https://files.pythonhosted.org/packages/54/3e/64e37e419331f7c4c540ad25c0b3e6d8f44d597f21ab8861afbc66aa7e02/cython-3.2.0-cp314-cp314-manylinux2014_aarch64.manylinux_2_17_aarch64.manylinux_2_28_aarch64.whl", hash = "sha256:0a1c800833c25195833805c7c3626a2c30b3baaaa9ba361a1af3bbc379662a8d", size = 3249627, upload-time = "2025-11-05T13:35:55.524Z" },
    { url = "https://files.pythonhosted.org/packages/9b/fc/9faedfcc2de807f77115d97a4910c260dd4693f4fa9e0e3be0d9ae89e260/cython-3.2.0-cp314-cp314-manylinux2014_x86_64.manylinux_2_17_x86_64.manylinux_2_28_x86_64.whl", hash = "sha256:df15af08c21c18a2e848df5954d6fd3310735089b60405132fa4111e2cf7482a", size = 3375458, upload-time = "2025-11-05T13:35:57.279Z" },
    { url = "https://files.pythonhosted.org/packages/31/e0/30d449cd97ee0d6395aba18f2646b61b52ab3dc5a3851a346e2d363a7d85/cython-3.2.0-cp314-cp314-win_amd64.whl", hash = "sha256:9d6876af2132757fff1b42a2f4eaa72482f991863160e3f0dc8f2c812b300ebf", size = 2783210, upload-time = "2025-11-05T13:35:59.54Z" },
    { url = "https://files.pythonhosted.org/packages/dd/6b/9e1e171fe19274465d84dffa4610d46f434b1ae945e946802db396695d67/cython-3.2.0-cp39-abi3-macosx_10_9_x86_64.whl", hash = "sha256:04821ce06598a3aa5c9e0270d98960cfe6556dedbd1418c65e4479162b8ae74a", size = 2869249, upload-time = "2025-11-05T13:36:08.944Z" },
    { url = "https://files.pythonhosted.org/packages/c4/f1/f461726f664668a96072b2a245bdfae566d68e2eb1393ec72780cc59c21e/cython-3.2.0-cp39-abi3-manylinux1_i686.manylinux_2_28_i686.manylinux_2_5_i686.whl", hash = "sha256:54b5b1c72a63da822b3f4739a0e31546c0a19f8e834b174906bf817ed5f9d65f", size = 3204332, upload-time = "2025-11-05T13:36:11.386Z" },
    { url = "https://files.pythonhosted.org/packages/78/d8/73c07ce64cae496e5f5a6dfe3e53574af1a8ef777e2a834d10dae8b67a4e/cython-3.2.0-cp39-abi3-manylinux2014_armv7l.manylinux_2_17_armv7l.manylinux_2_31_armv7l.whl", hash = "sha256:6155a6c360e32af1aaa16fa10b0119b49deeadff42a1958973324150870af1b5", size = 2851317, upload-time = "2025-11-05T13:36:13.14Z" },
    { url = "https://files.pythonhosted.org/packages/bc/d9/d9f321637b8034b5028fa5fe7d1085ffa9351fea350af6510d5cb924c014/cython-3.2.0-cp39-abi3-musllinux_1_2_aarch64.whl", hash = "sha256:861258ac3878b76c57b9b5a379787d772a0bc47fec9167b43986777de542c474", size = 2987155, upload-time = "2025-11-05T13:36:15.018Z" },
    { url = "https://files.pythonhosted.org/packages/f8/b5/9f9e7d261f083b4066d734b27a7872b0c584fd4c3578196652dbf72b3f62/cython-3.2.0-cp39-abi3-musllinux_1_2_armv7l.whl", hash = "sha256:85dbf955e3193893d0288105afa0fa5f4e835ff587061681f240a4f0487c44fb", size = 2884219, upload-time = "2025-11-05T13:36:17.334Z" },
    { url = "https://files.pythonhosted.org/packages/88/64/5aeb6e43e0ded9efedc5a516f87a487fdca8e434491cc352e5a805380459/cython-3.2.0-cp39-abi3-musllinux_1_2_i686.whl", hash = "sha256:3b3f13822526726bac43275c0e92916bbcc2c30e9f559edc4c1132670b70498d", size = 3218067, upload-time = "2025-11-05T13:36:19.493Z" },
    { url = "https://files.pythonhosted.org/packages/c4/a0/1958f54cd79d8251a330b9c9652b2a5ceba6a3fcec10782dd03e2a23c74f/cython-3.2.0-cp39-abi3-musllinux_1_2_x86_64.whl", hash = "sha256:ab18d09673d219008be5b6174bcbb6dbfd50904e66371f104a8a4698b791472d", size = 3108277, upload-time = "2025-11-05T13:36:21.203Z" },
    { url = "https://files.pythonhosted.org/packages/9c/84/9b8112160cab922b97edef00616ed18771567d88b5ba9d30d1736880c345/cython-3.2.0-cp39-abi3-win32.whl", hash = "sha256:c9fd986413fc52929b916187630a9abab9f876299951488c4b905ad5346afee6", size = 2430852, upload-time = "2025-11-05T13:36:23.049Z" },
    { url = "https://files.pythonhosted.org/packages/8f/57/65d3de140b51c45dd6892846bfabdfaaa032e2418f1cb1a2f46058c1fe42/cython-3.2.0-cp39-abi3-win_arm64.whl", hash = "sha256:ee2ea79ddeb721f912e7efea039b9db059c81767ff04fbf9a995f64e1187df99", size = 2435793, upload-time = "2025-11-05T13:36:25.139Z" },
    { url = "https://files.pythonhosted.org/packages/20/58/1f798ddb7fe6bfddf85f4f97d2d4ad63a491a7b643e85c1e274d0f09138e/cython-3.2.0-py3-none-any.whl", hash = "sha256:73f7f4c75acde5b5b4df05b11fdc2705ec637b99241d1bc2f4ebf345f7a2ea90", size = 1252818, upload-time = "2025-11-05T13:35:00.391Z" },
]

[[package]]
name = "mylang"
version = "0.1.0"
source = { virtual = "." }
dependencies = [
    { name = "autopep8" },
    { name = "cython" },
    { name = "setuptools" },
    { name = "sly" },
    { name = "snakeviz" },
]

[package.metadata]
requires-dist = [
    { name = "autopep8", specifier = ">=2.3.2" },
    { name = "cython", specifier = ">=3.2.0" },
    { name = "setuptools", specifier = ">=80.9.0" },
    { name = "sly", git = "https://github.com/pro99d/sly.git?rev=master" },
    { name = "snakeviz", specifier = ">=2.2.2" },
]

[[package]]
name = "pycodestyle"
version = "2.14.0"
source = { registry = "https://pypi.org/simple" }
sdist = { url = "https://files.pythonhosted.org/packages/11/e0/abfd2a0d2efe47670df87f3e3a0e2edda42f055053c85361f19c0e2c1ca8/pycodestyle-2.14.0.tar.gz", hash = "sha256:c4b5b517d278089ff9d0abdec919cd97262a3367449ea1c8b49b91529167b783", size = 39472, upload-time = "2025-06-20T18:49:48.75Z" }
wheels = [
    { url = "https://files.pythonhosted.org/packages/d7/27/a58ddaf8c588a3ef080db9d0b7e0b97215cee3a45df74f3a94dbbf5c893a/pycodestyle-2.14.0-py2.py3-none-any.whl", hash = "sha256:dd6bf7cb4ee77f8e016f9c8e74a35ddd9f67e1d5fd4184d86c3b98e07099f42d", size = 31594, upload-time = "2025-06-20T18:49:47.491Z" },
]

[[package]]
name = "setuptools"
version = "80.9.0"
source = { registry = "https://pypi.org/simple" }
sdist = { url = "https://files.pythonhosted.org/packages/18/5d/3bf57dcd21979b887f014ea83c24ae194cfcd12b9e0fda66b957c69d1fca/setuptools-80.9.0.tar.gz", hash = "sha256:f36b47402ecde768dbfafc46e8e4207b4360c654f1f3bb84475f0a28628fb19c", size = 1319958, upload-time = "2025-05-27T00:56:51.443Z" }
wheels = [
    { url = "https://files.pythonhosted.org/packages/a3/dc/17031897dae0efacfea57dfd3a82fdd2a2aeb58e0ff71b77b87e44edc772/setuptools-80.9.0-py3-none-any.whl", hash = "sha256:062d34222ad13e0cc312a4c02d73f059e86a4acbfbdea8f8f76b28c99f306922", size = 1201486, upload-time = "2025-05-27T00:56:49.664Z" },
]

[[package]]
name = "sly"
version = "0.5"
source = { git = "https://github.com/pro99d/sly.git?rev=master#ea108fb6947a04ec0bb9ac10b024e9ddc72e3642" }

[[package]]
name = "snakeviz"
version = "2.2.2"
source = { registry = "https://pypi.org/simple" }
dependencies = [
    { name = "tornado" },
]
sdist = { url = "https://files.pythonhosted.org/packages/04/06/82f56563b16d33c2586ac2615a3034a83a4ff1969b84c8d79339e5d07d73/snakeviz-2.2.2.tar.gz", hash = "sha256:08028c6f8e34a032ff14757a38424770abb8662fb2818985aeea0d9bc13a7d83", size = 182039, upload-time = "2024-11-09T22:03:58.99Z" }
wheels = [
    { url = "https://files.pythonhosted.org/packages/cd/f7/83b00cdf4f114f10750a18b64c27dc34636d0ac990ccac98282f5c0fbb43/snakeviz-2.2.2-py3-none-any.whl", hash = "sha256:77e7b9c82f6152edc330040319b97612351cd9b48c706434c535c2df31d10ac5", size = 183477, upload-time = "2024-11-09T22:03:57.049Z" },
]

[[package]]
name = "tornado"
version = "6.5.4"
source = { registry = "https://pypi.org/simple" }
sdist = { url = "https://files.pythonhosted.org/packages/37/1d/0a336abf618272d53f62ebe274f712e213f5a03c0b2339575430b8362ef2/tornado-6.5.4.tar.gz", hash = "sha256:a22fa9047405d03260b483980635f0b041989d8bcc9a313f8fe18b411d84b1d7", size = 513632, upload-time = "2025-12-15T19:21:03.836Z" }
wheels = [
    { url = "https://files.pythonhosted.org/packages/ab/a9/e94a9d5224107d7ce3cc1fab8d5dc97f5ea351ccc6322ee4fb661da94e35/tornado-6.5.4-cp39-abi3-macosx_10_9_universal2.whl", hash = "sha256:d6241c1a16b1c9e4cc28148b1cda97dd1c6cb4fb7068ac1bedc610768dff0ba9", size = 443909, upload-time = "2025-12-15T19:20:48.382Z" },
    { url = "https://files.pythonhosted.org/packages/db/7e/f7b8d8c4453f305a51f80dbb49014257bb7d28ccb4bbb8dd328ea995ecad/tornado-6.5.4-cp39-abi3-macosx_10_9_x86_64.whl", hash = "sha256:2d50f63dda1d2cac3ae1fa23d254e16b5e38153758470e9956cbc3d813d40843", size = 442163, upload-time = "2025-12-15T19:20:49.791Z" },
    { url = "https://files.pythonhosted.org/packages/ba/b5/206f82d51e1bfa940ba366a8d2f83904b15942c45a78dd978b599870ab44/tornado-6.5.4-cp39-abi3-manylinux_2_17_aarch64.manylinux2014_aarch64.whl", hash = "sha256:d1cf66105dc6acb5af613c054955b8137e34a03698aa53272dbda4afe252be17", size = 445746, upload-time = "2025-12-15T19:20:51.491Z" },
    { url = "https://files.pythonhosted.org/packages/8e/9d/1a3338e0bd30ada6ad4356c13a0a6c35fbc859063fa7eddb309183364ac1/tornado-6.5.4-cp39-abi3-manylinux_2_5_i686.manylinux1_i686.manylinux_2_17_i686.manylinux2014_i686.whl", hash = "sha256:50ff0a58b0dc97939d29da29cd624da010e7f804746621c78d14b80238669335", size = 445083, upload-time = "2025-12-15T19:20:52.778Z" },
    { url = "https://files.pythonhosted.org/packages/50/d4/e51d52047e7eb9a582da59f32125d17c0482d065afd5d3bc435ff2120dc5/tornado-6.5.4-cp39-abi3-manylinux_2_5_x86_64.manylinux1_x86_64.manylinux_2_17_x86_64.manylinux2014_x86_64.whl", hash = "sha256:e5fb5e04efa54cf0baabdd10061eb4148e0be137166146fff835745f59ab9f7f", size = 445315, upload-time = "2025-12-15T19:20:53.996Z" },
    { url = "https://files.pythonhosted.org/packages/27/07/2273972f69ca63dbc139694a3fc4684edec3ea3f9efabf77ed32483b875c/tornado-6.5.4-cp39-abi3-musllinux_1_2_aarch64.whl", hash = "sha256:9c86b1643b33a4cd415f8d0fe53045f913bf07b4a3ef646b735a6a86047dda84", size = 446003, upload-time = "2025-12-15T19:20:56.101Z" },
    { url = "https://files.pythonhosted.org/packages/d1/83/41c52e47502bf7260044413b6770d1a48dda2f0246f95ee1384a3cd9c44a/tornado-6.5.4-cp39-abi3-musllinux_1_2_i686.whl", hash = "sha256:6eb82872335a53dd063a4f10917b3efd28270b56a33db69009606a0312660a6f", size = 445412, upload-time = "2025-12-15T19:20:57.398Z" },
    { url = "https://files.pythonhosted.org/packages/10/c7/bc96917f06cbee182d44735d4ecde9c432e25b84f4c2086143013e7b9e52/tornado-6.5.4-cp39-abi3-musllinux_1_2_x86_64.whl", hash = "sha256:6076d5dda368c9328ff41ab5d9dd3608e695e8225d1cd0fd1e006f05da3635a8", size = 445392, upload-time = "2025-12-15T19:20:58.692Z" },
    { url = "https://files.pythonhosted.org/packages/0c/1a/d7592328d037d36f2d2462f4bc1fbb383eec9278bc786c1b111cbbd44cfa/tornado-6.5.4-cp39-abi3-win32.whl", hash = "sha256:1768110f2411d5cd281bac0a090f707223ce77fd110424361092859e089b38d1", size = 446481, upload-time = "2025-12-15T19:21:00.008Z" },
    { url = "https://files.pythonhosted.org/packages/d6/6d/c69be695a0a64fd37a97db12355a035a6d90f79067a3cf936ec2b1dc38cd/tornado-6.5.4-cp39-abi3-win_amd64.whl", hash = "sha256:fa07d31e0cd85c60713f2b995da613588aa03e1303d75705dca6af8babc18ddc", size = 446886, upload-time = "2025-12-15T19:21:01.287Z" },
    { url = "https://files.pythonhosted.org/packages/50/49/8dc3fd90902f70084bd2cd059d576ddb4f8bb44c2c7c0e33a11422acb17e/tornado-6.5.4-cp39-abi3-win_arm64.whl", hash = "sha256:053e6e16701eb6cbe641f308f4c1a9541f91b6261991160391bfc342e8a551a1", size = 445910, upload-time = "2025-12-15T19:21:02.571Z" },
]
